// !$*UTF8*$!
{
	archiveVersion = 1;
	classes = {
	};
	objectVersion = 46;
	objects = {

/* Begin PBXBuildFile section */
		2EF2EC771BF453E3001B567D /* main.c in Sources */ = {isa = PBXBuildFile; fileRef = 2EF2EC761BF453E3001B567D /* main.c */; };
		2EF2EC7E1BF453F7001B567D /* libreadline.tbd in Frameworks */ = {isa = PBXBuildFile; fileRef = 2EF2EC7D1BF453F7001B567D /* libreadline.tbd */; };
/* End PBXBuildFile section */

/* Begin PBXCopyFilesBuildPhase section */
		2EF2EC711BF453E3001B567D /* CopyFiles */ = {
			isa = PBXCopyFilesBuildPhase;
			buildActionMask = 2147483647;
			dstPath = /usr/share/man/man1/;
			dstSubfolderSpec = 0;
			files = (
			);
			runOnlyForDeploymentPostprocessing = 1;
		};
/* End PBXCopyFilesBuildPhase section */

/* Begin PBXFileReference section */
		2EF2EC731BF453E3001B567D /* CountDownWithInput */ = {isa = PBXFileReference; explicitFileType = "compiled.mach-o.executable"; includeInIndex = 0; path = CountDownWithInput; sourceTree = BUILT_PRODUCTS_DIR; };
		2EF2EC761BF453E3001B567D /* main.c */ = {isa = PBXFileReference; lastKnownFileType = sourcecode.c.c; path = main.c; sourceTree = "<group>"; };
		2EF2EC7D1BF453F7001B567D /* libreadline.tbd */ = {isa = PBXFileReference; lastKnownFileType = "sourcecode.text-based-dylib-definition"; name = libreadline.tbd; path = usr/lib/libreadline.tbd; sourceTree = SDKROOT; };
/* End PBXFileReference section */

/* Begin PBXFrameworksBuildPhase section */
		2EF2EC701BF453E3001B567D /* Frameworks */ = {
			isa = PBXFrameworksBuildPhase;
			buildActionMask = 2147483647;
			files = (
				2EF2EC7E1BF453F7001B567D /* libreadline.tbd in Frameworks */,
			);
			runOnlyForDeploymentPostprocessing = 0;
		};
/* End PBXFrameworksBuildPhase section */

/* Begin PBXGroup section */
		2EF2EC6A1BF453E3001B567D = {
			isa = PBXGroup;
			children = (
				2EF2EC7D1BF453F7001B567D /* libreadline.tbd */,
				2EF2EC751BF453E3001B567D /* CountDownWithInput */,
				2EF2EC741BF453E3001B567D /* Products */,
			);
			sourceTree = "<group>";
		};
		2EF2EC741BF453E3001B567D /* Products */ = {
			isa = PBXGroup;
			children = (
				2EF2EC731BF453E3001B567D /* CountDownWithInput */,
			);
			name = Products;
			sourceTree = "<group>";
		};
		2EF2EC751BF453E3001B567D /* CountDownWithInput */ = {
			isa = PBXGroup;
			children = (
				2EF2EC761BF453E3001B567D /* main.c */,
			);
			path = CountDownWithInput;
			sourceTree = "<group>";
		};
/* End PBXGroup section */

/* Begin PBXNativeTarget section */
		2EF2EC721BF453E3001B567D /* CountDownWithInput */ = {
			isa = PBXNativeTarget;
			buildConfigurationList = 2EF2EC7A1BF453E3001B567D /* Build configuration list for PBXNativeTarget "CountDownWithInput" */;
			buildPhases = (
				2EF2EC6F1BF453E3001B567D /* Sources */,
				2EF2EC701BF453E3001B567D /* Frameworks */,
				2EF2EC711BF453E3001B567D /* CopyFiles */,
			);
			buildRules = (
			);
			dependencies = (
			);
			name = CountDownWithInput;
			productName = CountDownWithInput;
			productReference = 2EF2EC731BF453E3001B567D /* CountDownWithInput */;
			productType = "com.apple.product-type.tool";
		};
/* End PBXNativeTarget section */

/* Begin PBXProject section */
		2EF2EC6B1BF453E3001B567D /* Project object */ = {
			isa = PBXProject;
			attributes = {
				LastUpgradeCheck = 0710;
				ORGANIZATIONNAME = "Lioax Productions";
				TargetAttributes = {
					2EF2EC721BF453E3001B567D = {
						CreatedOnToolsVersion = 7.1;
					};
				};
			};
			buildConfigurationList = 2EF2EC6E1BF453E3001B567D /* Build configuration list for PBXProject "CountDownWithInput" */;
			compatibilityVersion = "Xcode 3.2";
			developmentRegion = English;
			hasScannedForEncodings = 0;
			knownRegions = (
				en,
			);
			mainGroup = 2EF2EC6A1BF453E3001B567D;
			productRefGroup = 2EF2EC741BF453E3001B567D /* Products */;
			projectDirPath = "";
			projectRoot = "";
			targets = (
				2EF2EC721BF453E3001B567D /* CountDownWithInput */,
			);
		};
/* End PBXProject section */

/* Begin PBXSourcesBuildPhase section */
		2EF2EC6F1BF453E3001B567D /* Sources */ = {
			isa = PBXSourcesBuildPhase;
			buildActionMask = 2147483647;
			files = (
				2EF2EC771BF453E3001B567D /* main.c in Sources */,
			);
			runOnlyForDeploymentPostprocessing = 0;
		};
/* End PBXSourcesBuildPhase section */

/* Begin XCBuildConfiguration section */
		2EF2EC781BF453E3001B567D /* Debug */ = {
			isa = XCBuildConfiguration;
			buildSettings = {
				ALWAYS_SEARCH_USER_PATHS = NO;
				CLANG_CXX_LANGUAGE_STANDARD = "gnu++0x";
				CLANG_CXX_LIBRARY = "libc++";
				CLANG_ENABLE_MODULES = YES;
				CLANG_ENABLE_OBJC_ARC = YES;
				CLANG_WARN_BOOL_CONVERSION = YES;
				CLANG_WARN_CONSTANT_CONVERSION = YES;
				CLANG_WARN_DIRECT_OBJC_ISA_USAGE = YES_ERROR;
				CLANG_WARN_EMPTY_BODY = YES;
				CLANG_WARN_ENUM_CONVERSION = YES;
				CLANG_WARN_INT_CONVERSION = YES;
				CLANG_WARN_OBJC_ROOT_CLASS = YES_ERROR;
				CLANG_WARN_UNREACHABLE_CODE = YES;
				CLANG_WARN__DUPLICATE_METHOD_MATCH = YES;
				CODE_SIGN_IDENTITY = "-";
				COPY_PHASE_STRIP = NO;
				DEBUG_INFORMATION_FORMAT = dwarf;
				ENABLE_STRICT_OBJC_MSGSEND = YES;
				ENABLE_TESTABILITY = YES;
				GCC_C_LANGUAGE_STANDARD = gnu99;
				GCC_DYNAMIC_NO_PIC = NO;
				GCC_NO_COMMON_BLOCKS = YES;
				GCC_OPTIMIZATION_LEVEL = 0;
				GCC_PREPROCESSOR_DEFINITIONS = (
					"DEBUG=1",
					"$(inherited)",
				);
				GCC_WARN_64_TO_32_BIT_CONVERSION = YES;
				GCC_WARN_ABOUT_RETURN_TYPE = YES_ERROR;
				GCC_WARN_UNDECLARED_SELECTOR = YES;
				GCC_WARN_UNINITIALIZED_AUTOS = YES_AGGRESSIVE;
				GCC_WARN_UNUSED_FUNCTION = YES;
				GCC_WARN_UNUSED_VARIABLE = YES;
				MACOSX_DEPLOYMENT_TARGET = 10.11;
				MTL_ENABLE_DEBUG_INFO = YES;
				ONLY_ACTIVE_ARCH = YES;
				SDKROOT = macosx;
			};
			name = Debug;
		};
		2EF2EC791BF453E3001B567D /* Release */ = {
			isa = XCBuildConfiguration;
			buildSettings = {
				ALWAYS_SEARCH_USER_PATHS = NO;
				CLANG_CXX_LANGUAGE_STANDARD = "gnu++0x";
				CLANG_CXX_LIBRARY = "libc++";
				CLANG_ENABLE_MODULES = YES;
				CLANG_ENABLE_OBJC_ARC = YES;
				CLANG_WARN_BOOL_CONVERSION = YES;
				CLANG_WARN_CONSTANT_CONVERSION = YES;
				CLANG_WARN_DIRECT_OBJC_ISA_USAGE = YES_ERROR;
				CLANG_WARN_EMPTY_BODY = YES;
				CLANG_WARN_ENUM_CONVERSION = YES;
				CLANG_WARN_INT_CONVERSION = YES;
				CLANG_WARN_OBJC_ROOT_CLASS = YES_ERROR;
				CLANG_WARN_UNREACHABLE_CODE = YES;
				CLANG_WARN__DUPLICATE_METHOD_MATCH = YES;
				CODE_SIGN_IDENTITY = "-";
				COPY_PHASE_STRIP = NO;
				DEBUG_INFORMATION_FORMAT = "dwarf-with-dsym";
				ENABLE_NS_ASSERTIONS = NO;
				ENABLE_STRICT_OBJC_MSGSEND = YES;
				GCC_C_LANGUAGE_STANDARD = gnu99;
				GCC_NO_COMMON_BLOCKS = YES;
				GCC_WARN_64_TO_32_BIT_CONVERSION = YES;
				GCC_WARN_ABOUT_RETURN_TYPE = YES_ERROR;
				GCC_WARN_UNDECLARED_SELECTOR = YES;
				GCC_WARN_UNINITIALIZED_AUTOS = YES_AGGRESSIVE;
				GCC_WARN_UNUSED_FUNCTION = YES;
				GCC_WARN_UNUSED_VARIABLE = YES;
				MACOSX_DEPLOYMENT_TARGET = 10.11;
				MTL_ENABLE_DEBUG_INFO = NO;
				SDKROOT = macosx;
			};
			name = Release;
		};
		2EF2EC7B1BF453E3001B567D /* Debug */ = {
			isa = XCBuildConfiguration;
			buildSettings = {
				PRODUCT_NAME = "$(TARGET_NAME)";
			};
			name = Debug;
		};
		2EF2EC7C1BF453E3001B567D /* Release */ = {
			isa = XCBuildConfiguration;
			buildSettings = {
				PRODUCT_NAME = "$(TARGET_NAME)";
			};
			name = Release;
		};
/* End XCBuildConfiguration section */

/* Begin XCConfigurationList section */
		2EF2EC6E1BF453E3001B567D /* Build configuration list for PBXProject "CountDownWithInput" */ = {
			isa = XCConfigurationList;
			buildConfigurations = (
				2EF2EC781BF453E3001B567D /* Debug */,
				2EF2EC791BF453E3001B567D /* Release */,
			);
			defaultConfigurationIsVisible = 0;
			defaultConfigurationName = Release;
		};
		2EF2EC7A1BF453E3001B567D /* Build configuration list for PBXNativeTarget "CountDownWithInput" */ = {
			isa = XCConfigurationList;
			buildConfigurations = (
				2EF2EC7B1BF453E3001B567D /* Debug */,
				2EF2EC7C1BF453E3001B567D /* Release */,
			);
			defaultConfigurationIsVisible = 0;
		};
/* End XCConfigurationList section */
	};
	rootObject = 2EF2EC6B1BF453E3001B567D /* Project object */;
}
